
Microsoft Visual Studio Solution File, Format Version 12.00
# Visual Studio Version 17
VisualStudioVersion = 17.5.33516.290
MinimumVisualStudioVersion = 10.0.40219.1
Project("{FAE04EC0-301F-11D3-BF4B-00C04F79EFBC}") = "MTTechnicalQuestion1", "MTTechnicalQuestion1\MTTechnicalQuestion1.csproj", "{EEFB4F30-9CA2-4F39-B84C-82BCA2FF1F10}"
EndProject
Project("{FAE04EC0-301F-11D3-BF4B-00C04F79EFBC}") = "MTTechnicalQuestion1Test", "MTTechnicalQuestion1Test\MTTechnicalQuestion1Test.csproj", "{0BFD6C1C-5D84-4626-982B-BA41F3B0159B}"
EndProject
Global
	GlobalSection(SolutionConfigurationPlatforms) = preSolution
		Debug|Any CPU = Debug|Any CPU
		Release|Any CPU = Release|Any CPU
	EndGlobalSection
	GlobalSection(ProjectConfigurationPlatforms) = postSolution
		{EEFB4F30-9CA2-4F39-B84C-82BCA2FF1F10}.Debug|Any CPU.ActiveCfg = Debug|Any CPU
		{EEFB4F30-9CA2-4F39-B84C-82BCA2FF1F10}.Debug|Any CPU.Build.0 = Debug|Any CPU
		{EEFB4F30-9CA2-4F39-B84C-82BCA2FF1F10}.Release|Any CPU.ActiveCfg = Release|Any CPU
		{EEFB4F30-9CA2-4F39-B84C-82BCA2FF1F10}.Release|Any CPU.Build.0 = Release|Any CPU
		{0BFD6C1C-5D84-4626-982B-BA41F3B0159B}.Debug|Any CPU.ActiveCfg = Debug|Any CPU
		{0BFD6C1C-5D84-4626-982B-BA41F3B0159B}.Debug|Any CPU.Build.0 = Debug|Any CPU
		{0BFD6C1C-5D84-4626-982B-BA41F3B0159B}.Release|Any CPU.ActiveCfg = Release|Any CPU
		{0BFD6C1C-5D84-4626-982B-BA41F3B0159B}.Release|Any CPU.Build.0 = Release|Any CPU
	EndGlobalSection
	GlobalSection(SolutionProperties) = preSolution
		HideSolutionNode = FALSE
	EndGlobalSection
	GlobalSection(ExtensibilityGlobals) = postSolution
		SolutionGuid = {5E8ED64A-9E92-459A-A173-6274A6962434}
	EndGlobalSection
EndGlobal
